
Microsoft Visual Studio Solution File, Format Version 12.00
# Visual Studio Version 17
VisualStudioVersion = 17.3.32929.385
MinimumVisualStudioVersion = 10.0.40219.1
Project("{FAE04EC0-301F-11D3-BF4B-00C04F79EFBC}") = "Functions", "Functions\Functions.csproj", "{DFBB3970-FABB-442A-928A-2D80C310B064}"
EndProject
Project("{FAE04EC0-301F-11D3-BF4B-00C04F79EFBC}") = "Core", "Core\Core.csproj", "{78A0F6CB-C7CE-4F18-A114-5F5AEFEFBACA}"
EndProject
Project("{FAE04EC0-301F-11D3-BF4B-00C04F79EFBC}") = "Infrastructure", "Infrastructure\Infrastructure.csproj", "{DB3559BC-CF05-414A-8CF0-DE4E6B44BC26}"
EndProject
Project("{2150E333-8FDC-42A3-9474-1A3956D46DE8}") = "Solution Items", "Solution Items", "{DF442514-1837-4E57-A869-0EEEEC0301E7}"
	ProjectSection(SolutionItems) = preProject
		.editorconfig = .editorconfig
	EndProjectSection
EndProject
Project("{FAE04EC0-301F-11D3-BF4B-00C04F79EFBC}") = "UnitTests", "UnitTests\UnitTests.csproj", "{2D25425B-406A-4620-A598-96AC9FE334EB}"
EndProject
Global
	GlobalSection(SolutionConfigurationPlatforms) = preSolution
		Debug|Any CPU = Debug|Any CPU
		Release|Any CPU = Release|Any CPU
	EndGlobalSection
	GlobalSection(ProjectConfigurationPlatforms) = postSolution
		{DFBB3970-FABB-442A-928A-2D80C310B064}.Debug|Any CPU.ActiveCfg = Debug|Any CPU
		{DFBB3970-FABB-442A-928A-2D80C310B064}.Debug|Any CPU.Build.0 = Debug|Any CPU
		{DFBB3970-FABB-442A-928A-2D80C310B064}.Release|Any CPU.ActiveCfg = Release|Any CPU
		{DFBB3970-FABB-442A-928A-2D80C310B064}.Release|Any CPU.Build.0 = Release|Any CPU
		{78A0F6CB-C7CE-4F18-A114-5F5AEFEFBACA}.Debug|Any CPU.ActiveCfg = Debug|Any CPU
		{78A0F6CB-C7CE-4F18-A114-5F5AEFEFBACA}.Debug|Any CPU.Build.0 = Debug|Any CPU
		{78A0F6CB-C7CE-4F18-A114-5F5AEFEFBACA}.Release|Any CPU.ActiveCfg = Release|Any CPU
		{78A0F6CB-C7CE-4F18-A114-5F5AEFEFBACA}.Release|Any CPU.Build.0 = Release|Any CPU
		{DB3559BC-CF05-414A-8CF0-DE4E6B44BC26}.Debug|Any CPU.ActiveCfg = Debug|Any CPU
		{DB3559BC-CF05-414A-8CF0-DE4E6B44BC26}.Debug|Any CPU.Build.0 = Debug|Any CPU
		{DB3559BC-CF05-414A-8CF0-DE4E6B44BC26}.Release|Any CPU.ActiveCfg = Release|Any CPU
		{DB3559BC-CF05-414A-8CF0-DE4E6B44BC26}.Release|Any CPU.Build.0 = Release|Any CPU
		{2D25425B-406A-4620-A598-96AC9FE334EB}.Debug|Any CPU.ActiveCfg = Debug|Any CPU
		{2D25425B-406A-4620-A598-96AC9FE334EB}.Debug|Any CPU.Build.0 = Debug|Any CPU
		{2D25425B-406A-4620-A598-96AC9FE334EB}.Release|Any CPU.ActiveCfg = Release|Any CPU
		{2D25425B-406A-4620-A598-96AC9FE334EB}.Release|Any CPU.Build.0 = Release|Any CPU
	EndGlobalSection
	GlobalSection(SolutionProperties) = preSolution
		HideSolutionNode = FALSE
	EndGlobalSection
	GlobalSection(ExtensibilityGlobals) = postSolution
		SolutionGuid = {3FCBBECF-5764-4DF3-B581-FB6D1F59B013}
	EndGlobalSection
EndGlobal
